schema: '2.0'
stages:
  import-musicbrainz:
    cmd: python ingest.py --musicbrainz
    deps:
    - path: source/musicbrainz/artist.tar.xz
      hash: md5
      md5: 1d24ebd7242722c349e34bbbc9cb9bc4
      size: 1232899396
    - path: source/musicbrainz/recording.tar.xz
      hash: md5
      md5: 4d60aab2b5d27ad15a1d81b154f61b17
      size: 39490704
    - path: sql/mb_artist.sql
      hash: md5
      md5: b2391156d371ec0ab87e42e1b3815524
      size: 181
    - path: sql/mb_recording.sql
      hash: md5
      md5: a977cd15b868032905db53dafc043590
      size: 164
    outs:
    - path: data/musicbrainz.db
      hash: md5
      md5: 215df73d559d91bb04c5d965fe25a673
      size: 1055404032
  import-mlhd:
    cmd: python ingest.py --mlhd
    deps:
    - path: source/mlhdplus
      hash: md5
      md5: 74c52e5ff2fba58a13bc8bada40a675f.dir
      size: 258484725760
      nfiles: 16
    outs:
    - path: data/mlhd
      hash: md5
      md5: e95063128861733ceffa98850fe579e1.dir
      size: 199468739615
      nfiles: 1233
  generate_stats:
    cmd: python datanalysis/summarizestats.py
    deps:
    - path: data/mlhd/
      hash: md5
      md5: e95063128861733ceffa98850fe579e1.dir
      size: 199468739615
      nfiles: 1233
    - path: data/musicbrainz.db
      hash: md5
      md5: 215df73d559d91bb04c5d965fe25a673
      size: 1055404032
    - path: datanalysis/summarizestats.py
      hash: md5
      md5: 52bdec8e96965c0646bb61a3393e1b0a
      size: 8824
    outs:
    - path: datanalysis/outputs/
      hash: md5
      md5: d434a01b4f9db6188a0df79b09109de7.dir
      size: 158200529
      nfiles: 14
